
Microsoft Visual Studio Solution File, Format Version 12.00
# Visual Studio Version 17
VisualStudioVersion = 17.8.34330.188
MinimumVisualStudioVersion = 10.0.40219.1
Project("{FAE04EC0-301F-11D3-BF4B-00C04F79EFBC}") = "Aula2_git_uc11", "Aula2_git_uc11\Aula2_git_uc11.csproj", "{867151C2-70A4-4AA7-84CA-7081A8299E9C}"
EndProject
Global
	GlobalSection(SolutionConfigurationPlatforms) = preSolution
		Debug|Any CPU = Debug|Any CPU
		Release|Any CPU = Release|Any CPU
	EndGlobalSection
	GlobalSection(ProjectConfigurationPlatforms) = postSolution
		{867151C2-70A4-4AA7-84CA-7081A8299E9C}.Debug|Any CPU.ActiveCfg = Debug|Any CPU
		{867151C2-70A4-4AA7-84CA-7081A8299E9C}.Debug|Any CPU.Build.0 = Debug|Any CPU
		{867151C2-70A4-4AA7-84CA-7081A8299E9C}.Release|Any CPU.ActiveCfg = Release|Any CPU
		{867151C2-70A4-4AA7-84CA-7081A8299E9C}.Release|Any CPU.Build.0 = Release|Any CPU
	EndGlobalSection
	GlobalSection(SolutionProperties) = preSolution
		HideSolutionNode = FALSE
	EndGlobalSection
	GlobalSection(ExtensibilityGlobals) = postSolution
		SolutionGuid = {5E186AA3-B55D-4864-A796-6A1815A9AF6E}
	EndGlobalSection
EndGlobal
